// !$*UTF8*$!
{
	archiveVersion = 1;
	classes = {
	};
	objectVersion = 50;
	objects = {

/* Begin PBXBuildFile section */
		552B323E23C0C66000BD9753 /* OverCurrentTransitioningInteractor.swift in Sources */ = {isa = PBXBuildFile; fileRef = 552B323B23C0C65F00BD9753 /* OverCurrentTransitioningInteractor.swift */; };
		552B323F23C0C66000BD9753 /* ModalPresentationController.swift in Sources */ = {isa = PBXBuildFile; fileRef = 552B323C23C0C66000BD9753 /* ModalPresentationController.swift */; };
		552B324023C0C66000BD9753 /* OverCurrentTransitionable.swift in Sources */ = {isa = PBXBuildFile; fileRef = 552B323D23C0C66000BD9753 /* OverCurrentTransitionable.swift */; };
		552B324223C0C66D00BD9753 /* DismissAnimator.swift in Sources */ = {isa = PBXBuildFile; fileRef = 552B324123C0C66D00BD9753 /* DismissAnimator.swift */; };
		552B324523C0C68800BD9753 /* SemiModalViewController.storyboard in Resources */ = {isa = PBXBuildFile; fileRef = 552B324323C0C68800BD9753 /* SemiModalViewController.storyboard */; };
		552B324623C0C68800BD9753 /* SemiModalViewController.swift in Sources */ = {isa = PBXBuildFile; fileRef = 552B324423C0C68800BD9753 /* SemiModalViewController.swift */; };
		552B324823C0D62D00BD9753 /* RootViewControllerGetter.swift in Sources */ = {isa = PBXBuildFile; fileRef = 552B324723C0D62D00BD9753 /* RootViewControllerGetter.swift */; };
		552B324A23C4A2BC00BD9753 /* VideoPlayerSeekbar.swift in Sources */ = {isa = PBXBuildFile; fileRef = 552B324923C4A2BC00BD9753 /* VideoPlayerSeekbar.swift */; };
		55A0714F23BBC6A2003503E2 /* AppDelegate.swift in Sources */ = {isa = PBXBuildFile; fileRef = 55A0714E23BBC6A2003503E2 /* AppDelegate.swift */; };
		55A0715123BBC6A2003503E2 /* SceneDelegate.swift in Sources */ = {isa = PBXBuildFile; fileRef = 55A0715023BBC6A2003503E2 /* SceneDelegate.swift */; };
		55A0715823BBC6A3003503E2 /* Assets.xcassets in Resources */ = {isa = PBXBuildFile; fileRef = 55A0715723BBC6A3003503E2 /* Assets.xcassets */; };
		55A0715B23BBC6A3003503E2 /* LaunchScreen.storyboard in Resources */ = {isa = PBXBuildFile; fileRef = 55A0715923BBC6A3003503E2 /* LaunchScreen.storyboard */; };
		55A0716623BBC6A3003503E2 /* FalconPlayerTests.swift in Sources */ = {isa = PBXBuildFile; fileRef = 55A0716523BBC6A3003503E2 /* FalconPlayerTests.swift */; };
		55A0717B23BBC6C3003503E2 /* VideoPlayerView.swift in Sources */ = {isa = PBXBuildFile; fileRef = 55A0717023BBC6C2003503E2 /* VideoPlayerView.swift */; };
		55A0717D23BBC6C3003503E2 /* VideoPlayer.swift in Sources */ = {isa = PBXBuildFile; fileRef = 55A0717223BBC6C2003503E2 /* VideoPlayer.swift */; };
		55A0717F23BBC6C3003503E2 /* UIImage+AnimatedGIF.swift in Sources */ = {isa = PBXBuildFile; fileRef = 55A0717423BBC6C3003503E2 /* UIImage+AnimatedGIF.swift */; };
		55A0718023BBC6C3003503E2 /* VideoPlayerView.xib in Resources */ = {isa = PBXBuildFile; fileRef = 55A0717523BBC6C3003503E2 /* VideoPlayerView.xib */; };
		55A0718123BBC6C3003503E2 /* ViewController.swift in Sources */ = {isa = PBXBuildFile; fileRef = 55A0717623BBC6C3003503E2 /* ViewController.swift */; };
		55A0718223BBC6C3003503E2 /* UIImageView+AnimatedGIF.swift in Sources */ = {isa = PBXBuildFile; fileRef = 55A0717723BBC6C3003503E2 /* UIImageView+AnimatedGIF.swift */; };
		55A0718323BBC6C3003503E2 /* Main.storyboard in Resources */ = {isa = PBXBuildFile; fileRef = 55A0717823BBC6C3003503E2 /* Main.storyboard */; };
		55A0718523BBC6C3003503E2 /* VideoPlayerTimeFormatter.swift in Sources */ = {isa = PBXBuildFile; fileRef = 55A0717A23BBC6C3003503E2 /* VideoPlayerTimeFormatter.swift */; };
		55BB89B923C4B3F8007D81F9 /* VideoPlayerSeekThumbnailView.xib in Resources */ = {isa = PBXBuildFile; fileRef = 55BB89B823C4B3F8007D81F9 /* VideoPlayerSeekThumbnailView.xib */; };
		55BB89BC23C4B577007D81F9 /* VideoPlayerSeekThumbnailView.swift in Sources */ = {isa = PBXBuildFile; fileRef = 55BB89BB23C4B577007D81F9 /* VideoPlayerSeekThumbnailView.swift */; };
/* End PBXBuildFile section */

/* Begin PBXContainerItemProxy section */
		55A0716223BBC6A3003503E2 /* PBXContainerItemProxy */ = {
			isa = PBXContainerItemProxy;
			containerPortal = 55A0714323BBC6A2003503E2 /* Project object */;
			proxyType = 1;
			remoteGlobalIDString = 55A0714A23BBC6A2003503E2;
			remoteInfo = FalconPlayer;
		};
/* End PBXContainerItemProxy section */

/* Begin PBXFileReference section */
		552B323B23C0C65F00BD9753 /* OverCurrentTransitioningInteractor.swift */ = {isa = PBXFileReference; fileEncoding = 4; lastKnownFileType = sourcecode.swift; path = OverCurrentTransitioningInteractor.swift; sourceTree = "<group>"; };
		552B323C23C0C66000BD9753 /* ModalPresentationController.swift */ = {isa = PBXFileReference; fileEncoding = 4; lastKnownFileType = sourcecode.swift; path = ModalPresentationController.swift; sourceTree = "<group>"; };
		552B323D23C0C66000BD9753 /* OverCurrentTransitionable.swift */ = {isa = PBXFileReference; fileEncoding = 4; lastKnownFileType = sourcecode.swift; path = OverCurrentTransitionable.swift; sourceTree = "<group>"; };
		552B324123C0C66D00BD9753 /* DismissAnimator.swift */ = {isa = PBXFileReference; fileEncoding = 4; lastKnownFileType = sourcecode.swift; path = DismissAnimator.swift; sourceTree = "<group>"; };
		552B324323C0C68800BD9753 /* SemiModalViewController.storyboard */ = {isa = PBXFileReference; fileEncoding = 4; lastKnownFileType = file.storyboard; path = SemiModalViewController.storyboard; sourceTree = "<group>"; };
		552B324423C0C68800BD9753 /* SemiModalViewController.swift */ = {isa = PBXFileReference; fileEncoding = 4; lastKnownFileType = sourcecode.swift; path = SemiModalViewController.swift; sourceTree = "<group>"; };
		552B324723C0D62D00BD9753 /* RootViewControllerGetter.swift */ = {isa = PBXFileReference; lastKnownFileType = sourcecode.swift; path = RootViewControllerGetter.swift; sourceTree = "<group>"; };
		552B324923C4A2BC00BD9753 /* VideoPlayerSeekbar.swift */ = {isa = PBXFileReference; lastKnownFileType = sourcecode.swift; path = VideoPlayerSeekbar.swift; sourceTree = "<group>"; };
		55A0714B23BBC6A2003503E2 /* FalconPlayer.app */ = {isa = PBXFileReference; explicitFileType = wrapper.application; includeInIndex = 0; path = FalconPlayer.app; sourceTree = BUILT_PRODUCTS_DIR; };
		55A0714E23BBC6A2003503E2 /* AppDelegate.swift */ = {isa = PBXFileReference; lastKnownFileType = sourcecode.swift; path = AppDelegate.swift; sourceTree = "<group>"; };
		55A0715023BBC6A2003503E2 /* SceneDelegate.swift */ = {isa = PBXFileReference; lastKnownFileType = sourcecode.swift; path = SceneDelegate.swift; sourceTree = "<group>"; };
		55A0715723BBC6A3003503E2 /* Assets.xcassets */ = {isa = PBXFileReference; lastKnownFileType = folder.assetcatalog; path = Assets.xcassets; sourceTree = "<group>"; };
		55A0715A23BBC6A3003503E2 /* Base */ = {isa = PBXFileReference; lastKnownFileType = file.storyboard; name = Base; path = Base.lproj/LaunchScreen.storyboard; sourceTree = "<group>"; };
		55A0715C23BBC6A3003503E2 /* Info.plist */ = {isa = PBXFileReference; lastKnownFileType = text.plist.xml; path = Info.plist; sourceTree = "<group>"; };
		55A0716123BBC6A3003503E2 /* FalconPlayerTests.xctest */ = {isa = PBXFileReference; explicitFileType = wrapper.cfbundle; includeInIndex = 0; path = FalconPlayerTests.xctest; sourceTree = BUILT_PRODUCTS_DIR; };
		55A0716523BBC6A3003503E2 /* FalconPlayerTests.swift */ = {isa = PBXFileReference; lastKnownFileType = sourcecode.swift; path = FalconPlayerTests.swift; sourceTree = "<group>"; };
		55A0716723BBC6A3003503E2 /* Info.plist */ = {isa = PBXFileReference; lastKnownFileType = text.plist.xml; path = Info.plist; sourceTree = "<group>"; };
		55A0717023BBC6C2003503E2 /* VideoPlayerView.swift */ = {isa = PBXFileReference; fileEncoding = 4; lastKnownFileType = sourcecode.swift; path = VideoPlayerView.swift; sourceTree = "<group>"; };
		55A0717223BBC6C2003503E2 /* VideoPlayer.swift */ = {isa = PBXFileReference; fileEncoding = 4; lastKnownFileType = sourcecode.swift; path = VideoPlayer.swift; sourceTree = "<group>"; };
		55A0717423BBC6C3003503E2 /* UIImage+AnimatedGIF.swift */ = {isa = PBXFileReference; fileEncoding = 4; lastKnownFileType = sourcecode.swift; path = "UIImage+AnimatedGIF.swift"; sourceTree = "<group>"; };
		55A0717523BBC6C3003503E2 /* VideoPlayerView.xib */ = {isa = PBXFileReference; fileEncoding = 4; lastKnownFileType = file.xib; path = VideoPlayerView.xib; sourceTree = "<group>"; };
		55A0717623BBC6C3003503E2 /* ViewController.swift */ = {isa = PBXFileReference; fileEncoding = 4; lastKnownFileType = sourcecode.swift; path = ViewController.swift; sourceTree = "<group>"; };
		55A0717723BBC6C3003503E2 /* UIImageView+AnimatedGIF.swift */ = {isa = PBXFileReference; fileEncoding = 4; lastKnownFileType = sourcecode.swift; path = "UIImageView+AnimatedGIF.swift"; sourceTree = "<group>"; };
		55A0717823BBC6C3003503E2 /* Main.storyboard */ = {isa = PBXFileReference; fileEncoding = 4; lastKnownFileType = file.storyboard; path = Main.storyboard; sourceTree = "<group>"; };
		55A0717A23BBC6C3003503E2 /* VideoPlayerTimeFormatter.swift */ = {isa = PBXFileReference; fileEncoding = 4; lastKnownFileType = sourcecode.swift; path = VideoPlayerTimeFormatter.swift; sourceTree = "<group>"; };
		55BB89B823C4B3F8007D81F9 /* VideoPlayerSeekThumbnailView.xib */ = {isa = PBXFileReference; lastKnownFileType = file.xib; path = VideoPlayerSeekThumbnailView.xib; sourceTree = "<group>"; };
		55BB89BB23C4B577007D81F9 /* VideoPlayerSeekThumbnailView.swift */ = {isa = PBXFileReference; lastKnownFileType = sourcecode.swift; path = VideoPlayerSeekThumbnailView.swift; sourceTree = "<group>"; };
/* End PBXFileReference section */

/* Begin PBXFrameworksBuildPhase section */
		55A0714823BBC6A2003503E2 /* Frameworks */ = {
			isa = PBXFrameworksBuildPhase;
			buildActionMask = 2147483647;
			files = (
			);
			runOnlyForDeploymentPostprocessing = 0;
		};
		55A0715E23BBC6A3003503E2 /* Frameworks */ = {
			isa = PBXFrameworksBuildPhase;
			buildActionMask = 2147483647;
			files = (
			);
			runOnlyForDeploymentPostprocessing = 0;
		};
/* End PBXFrameworksBuildPhase section */

/* Begin PBXGroup section */
		552B323A23C0C61B00BD9753 /* SemiModal */ = {
			isa = PBXGroup;
			children = (
				552B324323C0C68800BD9753 /* SemiModalViewController.storyboard */,
				552B324423C0C68800BD9753 /* SemiModalViewController.swift */,
				552B324123C0C66D00BD9753 /* DismissAnimator.swift */,
				552B323C23C0C66000BD9753 /* ModalPresentationController.swift */,
				552B323D23C0C66000BD9753 /* OverCurrentTransitionable.swift */,
				552B323B23C0C65F00BD9753 /* OverCurrentTransitioningInteractor.swift */,
			);
			path = SemiModal;
			sourceTree = "<group>";
		};
		55A0714223BBC6A2003503E2 = {
			isa = PBXGroup;
			children = (
				55A0714D23BBC6A2003503E2 /* FalconPlayer */,
				55A0716423BBC6A3003503E2 /* FalconPlayerTests */,
				55A0714C23BBC6A2003503E2 /* Products */,
			);
			sourceTree = "<group>";
		};
		55A0714C23BBC6A2003503E2 /* Products */ = {
			isa = PBXGroup;
			children = (
				55A0714B23BBC6A2003503E2 /* FalconPlayer.app */,
				55A0716123BBC6A3003503E2 /* FalconPlayerTests.xctest */,
			);
			name = Products;
			sourceTree = "<group>";
		};
		55A0714D23BBC6A2003503E2 /* FalconPlayer */ = {
			isa = PBXGroup;
			children = (
				55BB89BD23C4C713007D81F9 /* Player */,
				55BB89BE23C4C72D007D81F9 /* PlayerView */,
				55BB89BF23C4C739007D81F9 /* Util */,
				55A0714E23BBC6A2003503E2 /* AppDelegate.swift */,
				55A0715723BBC6A3003503E2 /* Assets.xcassets */,
				55A0715C23BBC6A3003503E2 /* Info.plist */,
				55A0715923BBC6A3003503E2 /* LaunchScreen.storyboard */,
				55A0717823BBC6C3003503E2 /* Main.storyboard */,
				55A0715023BBC6A2003503E2 /* SceneDelegate.swift */,
				55A0717623BBC6C3003503E2 /* ViewController.swift */,
			);
			path = FalconPlayer;
			sourceTree = "<group>";
		};
		55A0716423BBC6A3003503E2 /* FalconPlayerTests */ = {
			isa = PBXGroup;
			children = (
				55A0716523BBC6A3003503E2 /* FalconPlayerTests.swift */,
				55A0716723BBC6A3003503E2 /* Info.plist */,
			);
			path = FalconPlayerTests;
			sourceTree = "<group>";
		};
		55BB89BA23C4B536007D81F9 /* Seekbar */ = {
			isa = PBXGroup;
			children = (
				552B324923C4A2BC00BD9753 /* VideoPlayerSeekbar.swift */,
				55BB89B823C4B3F8007D81F9 /* VideoPlayerSeekThumbnailView.xib */,
				55BB89BB23C4B577007D81F9 /* VideoPlayerSeekThumbnailView.swift */,
			);
			path = Seekbar;
			sourceTree = "<group>";
		};
		55BB89BD23C4C713007D81F9 /* Player */ = {
			isa = PBXGroup;
			children = (
				55A0717223BBC6C2003503E2 /* VideoPlayer.swift */,
			);
			path = Player;
			sourceTree = "<group>";
		};
		55BB89BE23C4C72D007D81F9 /* PlayerView */ = {
			isa = PBXGroup;
			children = (
				55A0717023BBC6C2003503E2 /* VideoPlayerView.swift */,
				55A0717523BBC6C3003503E2 /* VideoPlayerView.xib */,
				55BB89BA23C4B536007D81F9 /* Seekbar */,
			);
			path = PlayerView;
			sourceTree = "<group>";
		};
		55BB89BF23C4C739007D81F9 /* Util */ = {
			isa = PBXGroup;
			children = (
				55A0717A23BBC6C3003503E2 /* VideoPlayerTimeFormatter.swift */,
				552B324723C0D62D00BD9753 /* RootViewControllerGetter.swift */,
				55BB89C023C4C766007D81F9 /* GIFAnimation */,
				552B323A23C0C61B00BD9753 /* SemiModal */,
			);
			path = Util;
			sourceTree = "<group>";
		};
		55BB89C023C4C766007D81F9 /* GIFAnimation */ = {
			isa = PBXGroup;
			children = (
				55A0717423BBC6C3003503E2 /* UIImage+AnimatedGIF.swift */,
				55A0717723BBC6C3003503E2 /* UIImageView+AnimatedGIF.swift */,
			);
			path = GIFAnimation;
			sourceTree = "<group>";
		};
/* End PBXGroup section */

/* Begin PBXNativeTarget section */
		55A0714A23BBC6A2003503E2 /* FalconPlayer */ = {
			isa = PBXNativeTarget;
			buildConfigurationList = 55A0716A23BBC6A3003503E2 /* Build configuration list for PBXNativeTarget "FalconPlayer" */;
			buildPhases = (
				55A0714723BBC6A2003503E2 /* Sources */,
				55A0714823BBC6A2003503E2 /* Frameworks */,
				55A0714923BBC6A2003503E2 /* Resources */,
			);
			buildRules = (
			);
			dependencies = (
			);
			name = FalconPlayer;
			productName = FalconPlayer;
			productReference = 55A0714B23BBC6A2003503E2 /* FalconPlayer.app */;
			productType = "com.apple.product-type.application";
		};
		55A0716023BBC6A3003503E2 /* FalconPlayerTests */ = {
			isa = PBXNativeTarget;
			buildConfigurationList = 55A0716D23BBC6A3003503E2 /* Build configuration list for PBXNativeTarget "FalconPlayerTests" */;
			buildPhases = (
				55A0715D23BBC6A3003503E2 /* Sources */,
				55A0715E23BBC6A3003503E2 /* Frameworks */,
				55A0715F23BBC6A3003503E2 /* Resources */,
			);
			buildRules = (
			);
			dependencies = (
				55A0716323BBC6A3003503E2 /* PBXTargetDependency */,
			);
			name = FalconPlayerTests;
			productName = FalconPlayerTests;
			productReference = 55A0716123BBC6A3003503E2 /* FalconPlayerTests.xctest */;
			productType = "com.apple.product-type.bundle.unit-test";
		};
/* End PBXNativeTarget section */

/* Begin PBXProject section */
		55A0714323BBC6A2003503E2 /* Project object */ = {
			isa = PBXProject;
			attributes = {
				LastSwiftUpdateCheck = 1110;
				LastUpgradeCheck = 1110;
				ORGANIZATIONNAME = "Falcon Tech";
				TargetAttributes = {
					55A0714A23BBC6A2003503E2 = {
						CreatedOnToolsVersion = 11.1;
					};
					55A0716023BBC6A3003503E2 = {
						CreatedOnToolsVersion = 11.1;
						TestTargetID = 55A0714A23BBC6A2003503E2;
					};
				};
			};
			buildConfigurationList = 55A0714623BBC6A2003503E2 /* Build configuration list for PBXProject "FalconPlayer" */;
			compatibilityVersion = "Xcode 9.3";
			developmentRegion = en;
			hasScannedForEncodings = 0;
			knownRegions = (
				en,
				Base,
			);
			mainGroup = 55A0714223BBC6A2003503E2;
			productRefGroup = 55A0714C23BBC6A2003503E2 /* Products */;
			projectDirPath = "";
			projectRoot = "";
			targets = (
				55A0714A23BBC6A2003503E2 /* FalconPlayer */,
				55A0716023BBC6A3003503E2 /* FalconPlayerTests */,
			);
		};
/* End PBXProject section */

/* Begin PBXResourcesBuildPhase section */
		55A0714923BBC6A2003503E2 /* Resources */ = {
			isa = PBXResourcesBuildPhase;
			buildActionMask = 2147483647;
			files = (
				55BB89B923C4B3F8007D81F9 /* VideoPlayerSeekThumbnailView.xib in Resources */,
				55A0715B23BBC6A3003503E2 /* LaunchScreen.storyboard in Resources */,
				55A0718323BBC6C3003503E2 /* Main.storyboard in Resources */,
				55A0715823BBC6A3003503E2 /* Assets.xcassets in Resources */,
				55A0718023BBC6C3003503E2 /* VideoPlayerView.xib in Resources */,
				552B324523C0C68800BD9753 /* SemiModalViewController.storyboard in Resources */,
			);
			runOnlyForDeploymentPostprocessing = 0;
		};
		55A0715F23BBC6A3003503E2 /* Resources */ = {
			isa = PBXResourcesBuildPhase;
			buildActionMask = 2147483647;
			files = (
			);
			runOnlyForDeploymentPostprocessing = 0;
		};
/* End PBXResourcesBuildPhase section */

/* Begin PBXSourcesBuildPhase section */
		55A0714723BBC6A2003503E2 /* Sources */ = {
			isa = PBXSourcesBuildPhase;
			buildActionMask = 2147483647;
			files = (
				552B324023C0C66000BD9753 /* OverCurrentTransitionable.swift in Sources */,
				55A0718123BBC6C3003503E2 /* ViewController.swift in Sources */,
				552B323F23C0C66000BD9753 /* ModalPresentationController.swift in Sources */,
				552B324823C0D62D00BD9753 /* RootViewControllerGetter.swift in Sources */,
				55A0714F23BBC6A2003503E2 /* AppDelegate.swift in Sources */,
				552B323E23C0C66000BD9753 /* OverCurrentTransitioningInteractor.swift in Sources */,
				552B324A23C4A2BC00BD9753 /* VideoPlayerSeekbar.swift in Sources */,
				55A0717F23BBC6C3003503E2 /* UIImage+AnimatedGIF.swift in Sources */,
				55BB89BC23C4B577007D81F9 /* VideoPlayerSeekThumbnailView.swift in Sources */,
				552B324623C0C68800BD9753 /* SemiModalViewController.swift in Sources */,
				55A0717D23BBC6C3003503E2 /* VideoPlayer.swift in Sources */,
				552B324223C0C66D00BD9753 /* DismissAnimator.swift in Sources */,
				55A0718523BBC6C3003503E2 /* VideoPlayerTimeFormatter.swift in Sources */,
				55A0718223BBC6C3003503E2 /* UIImageView+AnimatedGIF.swift in Sources */,
				55A0715123BBC6A2003503E2 /* SceneDelegate.swift in Sources */,
				55A0717B23BBC6C3003503E2 /* VideoPlayerView.swift in Sources */,
			);
			runOnlyForDeploymentPostprocessing = 0;
		};
		55A0715D23BBC6A3003503E2 /* Sources */ = {
			isa = PBXSourcesBuildPhase;
			buildActionMask = 2147483647;
			files = (
				55A0716623BBC6A3003503E2 /* FalconPlayerTests.swift in Sources */,
			);
			runOnlyForDeploymentPostprocessing = 0;
		};
/* End PBXSourcesBuildPhase section */

/* Begin PBXTargetDependency section */
		55A0716323BBC6A3003503E2 /* PBXTargetDependency */ = {
			isa = PBXTargetDependency;
			target = 55A0714A23BBC6A2003503E2 /* FalconPlayer */;
			targetProxy = 55A0716223BBC6A3003503E2 /* PBXContainerItemProxy */;
		};
/* End PBXTargetDependency section */

/* Begin PBXVariantGroup section */
		55A0715923BBC6A3003503E2 /* LaunchScreen.storyboard */ = {
			isa = PBXVariantGroup;
			children = (
				55A0715A23BBC6A3003503E2 /* Base */,
			);
			name = LaunchScreen.storyboard;
			sourceTree = "<group>";
		};
/* End PBXVariantGroup section */

/* Begin XCBuildConfiguration section */
		55A0716823BBC6A3003503E2 /* Debug */ = {
			isa = XCBuildConfiguration;
			buildSettings = {
				ALWAYS_SEARCH_USER_PATHS = NO;
				CLANG_ANALYZER_NONNULL = YES;
				CLANG_ANALYZER_NUMBER_OBJECT_CONVERSION = YES_AGGRESSIVE;
				CLANG_CXX_LANGUAGE_STANDARD = "gnu++14";
				CLANG_CXX_LIBRARY = "libc++";
				CLANG_ENABLE_MODULES = YES;
				CLANG_ENABLE_OBJC_ARC = YES;
				CLANG_ENABLE_OBJC_WEAK = YES;
				CLANG_WARN_BLOCK_CAPTURE_AUTORELEASING = YES;
				CLANG_WARN_BOOL_CONVERSION = YES;
				CLANG_WARN_COMMA = YES;
				CLANG_WARN_CONSTANT_CONVERSION = YES;
				CLANG_WARN_DEPRECATED_OBJC_IMPLEMENTATIONS = YES;
				CLANG_WARN_DIRECT_OBJC_ISA_USAGE = YES_ERROR;
				CLANG_WARN_DOCUMENTATION_COMMENTS = YES;
				CLANG_WARN_EMPTY_BODY = YES;
				CLANG_WARN_ENUM_CONVERSION = YES;
				CLANG_WARN_INFINITE_RECURSION = YES;
				CLANG_WARN_INT_CONVERSION = YES;
				CLANG_WARN_NON_LITERAL_NULL_CONVERSION = YES;
				CLANG_WARN_OBJC_IMPLICIT_RETAIN_SELF = YES;
				CLANG_WARN_OBJC_LITERAL_CONVERSION = YES;
				CLANG_WARN_OBJC_ROOT_CLASS = YES_ERROR;
				CLANG_WARN_RANGE_LOOP_ANALYSIS = YES;
				CLANG_WARN_STRICT_PROTOTYPES = YES;
				CLANG_WARN_SUSPICIOUS_MOVE = YES;
				CLANG_WARN_UNGUARDED_AVAILABILITY = YES_AGGRESSIVE;
				CLANG_WARN_UNREACHABLE_CODE = YES;
				CLANG_WARN__DUPLICATE_METHOD_MATCH = YES;
				COPY_PHASE_STRIP = NO;
				DEBUG_INFORMATION_FORMAT = dwarf;
				ENABLE_STRICT_OBJC_MSGSEND = YES;
				ENABLE_TESTABILITY = YES;
				GCC_C_LANGUAGE_STANDARD = gnu11;
				GCC_DYNAMIC_NO_PIC = NO;
				GCC_NO_COMMON_BLOCKS = YES;
				GCC_OPTIMIZATION_LEVEL = 0;
				GCC_PREPROCESSOR_DEFINITIONS = (
					"DEBUG=1",
					"$(inherited)",
				);
				GCC_WARN_64_TO_32_BIT_CONVERSION = YES;
				GCC_WARN_ABOUT_RETURN_TYPE = YES_ERROR;
				GCC_WARN_UNDECLARED_SELECTOR = YES;
				GCC_WARN_UNINITIALIZED_AUTOS = YES_AGGRESSIVE;
				GCC_WARN_UNUSED_FUNCTION = YES;
				GCC_WARN_UNUSED_VARIABLE = YES;
				IPHONEOS_DEPLOYMENT_TARGET = 13.1;
				MTL_ENABLE_DEBUG_INFO = INCLUDE_SOURCE;
				MTL_FAST_MATH = YES;
				ONLY_ACTIVE_ARCH = YES;
				SDKROOT = iphoneos;
				SWIFT_ACTIVE_COMPILATION_CONDITIONS = DEBUG;
				SWIFT_OPTIMIZATION_LEVEL = "-Onone";
			};
			name = Debug;
		};
		55A0716923BBC6A3003503E2 /* Release */ = {
			isa = XCBuildConfiguration;
			buildSettings = {
				ALWAYS_SEARCH_USER_PATHS = NO;
				CLANG_ANALYZER_NONNULL = YES;
				CLANG_ANALYZER_NUMBER_OBJECT_CONVERSION = YES_AGGRESSIVE;
				CLANG_CXX_LANGUAGE_STANDARD = "gnu++14";
				CLANG_CXX_LIBRARY = "libc++";
				CLANG_ENABLE_MODULES = YES;
				CLANG_ENABLE_OBJC_ARC = YES;
				CLANG_ENABLE_OBJC_WEAK = YES;
				CLANG_WARN_BLOCK_CAPTURE_AUTORELEASING = YES;
				CLANG_WARN_BOOL_CONVERSION = YES;
				CLANG_WARN_COMMA = YES;
				CLANG_WARN_CONSTANT_CONVERSION = YES;
				CLANG_WARN_DEPRECATED_OBJC_IMPLEMENTATIONS = YES;
				CLANG_WARN_DIRECT_OBJC_ISA_USAGE = YES_ERROR;
				CLANG_WARN_DOCUMENTATION_COMMENTS = YES;
				CLANG_WARN_EMPTY_BODY = YES;
				CLANG_WARN_ENUM_CONVERSION = YES;
				CLANG_WARN_INFINITE_RECURSION = YES;
				CLANG_WARN_INT_CONVERSION = YES;
				CLANG_WARN_NON_LITERAL_NULL_CONVERSION = YES;
				CLANG_WARN_OBJC_IMPLICIT_RETAIN_SELF = YES;
				CLANG_WARN_OBJC_LITERAL_CONVERSION = YES;
				CLANG_WARN_OBJC_ROOT_CLASS = YES_ERROR;
				CLANG_WARN_RANGE_LOOP_ANALYSIS = YES;
				CLANG_WARN_STRICT_PROTOTYPES = YES;
				CLANG_WARN_SUSPICIOUS_MOVE = YES;
				CLANG_WARN_UNGUARDED_AVAILABILITY = YES_AGGRESSIVE;
				CLANG_WARN_UNREACHABLE_CODE = YES;
				CLANG_WARN__DUPLICATE_METHOD_MATCH = YES;
				COPY_PHASE_STRIP = NO;
				DEBUG_INFORMATION_FORMAT = "dwarf-with-dsym";
				ENABLE_NS_ASSERTIONS = NO;
				ENABLE_STRICT_OBJC_MSGSEND = YES;
				GCC_C_LANGUAGE_STANDARD = gnu11;
				GCC_NO_COMMON_BLOCKS = YES;
				GCC_WARN_64_TO_32_BIT_CONVERSION = YES;
				GCC_WARN_ABOUT_RETURN_TYPE = YES_ERROR;
				GCC_WARN_UNDECLARED_SELECTOR = YES;
				GCC_WARN_UNINITIALIZED_AUTOS = YES_AGGRESSIVE;
				GCC_WARN_UNUSED_FUNCTION = YES;
				GCC_WARN_UNUSED_VARIABLE = YES;
				IPHONEOS_DEPLOYMENT_TARGET = 13.1;
				MTL_ENABLE_DEBUG_INFO = NO;
				MTL_FAST_MATH = YES;
				SDKROOT = iphoneos;
				SWIFT_COMPILATION_MODE = wholemodule;
				SWIFT_OPTIMIZATION_LEVEL = "-O";
				VALIDATE_PRODUCT = YES;
			};
			name = Release;
		};
		55A0716B23BBC6A3003503E2 /* Debug */ = {
			isa = XCBuildConfiguration;
			buildSettings = {
				ASSETCATALOG_COMPILER_APPICON_NAME = AppIcon;
				CODE_SIGN_STYLE = Automatic;
				DEVELOPMENT_TEAM = 3BTZN69U72;
				INFOPLIST_FILE = FalconPlayer/Info.plist;
				LD_RUNPATH_SEARCH_PATHS = (
					"$(inherited)",
					"@executable_path/Frameworks",
				);
				PRODUCT_BUNDLE_IDENTIFIER = "com.falcon-tech.FalconPlayer";
				PRODUCT_NAME = "$(TARGET_NAME)";
				SWIFT_VERSION = 5.0;
				TARGETED_DEVICE_FAMILY = "1,2";
			};
			name = Debug;
		};
		55A0716C23BBC6A3003503E2 /* Release */ = {
			isa = XCBuildConfiguration;
			buildSettings = {
				ASSETCATALOG_COMPILER_APPICON_NAME = AppIcon;
				CODE_SIGN_STYLE = Automatic;
				DEVELOPMENT_TEAM = 3BTZN69U72;
				INFOPLIST_FILE = FalconPlayer/Info.plist;
				LD_RUNPATH_SEARCH_PATHS = (
					"$(inherited)",
					"@executable_path/Frameworks",
				);
				PRODUCT_BUNDLE_IDENTIFIER = "com.falcon-tech.FalconPlayer";
				PRODUCT_NAME = "$(TARGET_NAME)";
				SWIFT_VERSION = 5.0;
				TARGETED_DEVICE_FAMILY = "1,2";
			};
			name = Release;
		};
		55A0716E23BBC6A3003503E2 /* Debug */ = {
			isa = XCBuildConfiguration;
			buildSettings = {
				ALWAYS_EMBED_SWIFT_STANDARD_LIBRARIES = YES;
				BUNDLE_LOADER = "$(TEST_HOST)";
				CODE_SIGN_STYLE = Automatic;
				DEVELOPMENT_TEAM = 3BTZN69U72;
				INFOPLIST_FILE = FalconPlayerTests/Info.plist;
				IPHONEOS_DEPLOYMENT_TARGET = 13.1;
				LD_RUNPATH_SEARCH_PATHS = (
					"$(inherited)",
					"@executable_path/Frameworks",
					"@loader_path/Frameworks",
				);
				PRODUCT_BUNDLE_IDENTIFIER = "com.falcon-tech.FalconPlayerTests";
				PRODUCT_NAME = "$(TARGET_NAME)";
				SWIFT_VERSION = 5.0;
				TARGETED_DEVICE_FAMILY = "1,2";
				TEST_HOST = "$(BUILT_PRODUCTS_DIR)/FalconPlayer.app/FalconPlayer";
			};
			name = Debug;
		};
		55A0716F23BBC6A3003503E2 /* Release */ = {
			isa = XCBuildConfiguration;
			buildSettings = {
				ALWAYS_EMBED_SWIFT_STANDARD_LIBRARIES = YES;
				BUNDLE_LOADER = "$(TEST_HOST)";
				CODE_SIGN_STYLE = Automatic;
				DEVELOPMENT_TEAM = 3BTZN69U72;
				INFOPLIST_FILE = FalconPlayerTests/Info.plist;
				IPHONEOS_DEPLOYMENT_TARGET = 13.1;
				LD_RUNPATH_SEARCH_PATHS = (
					"$(inherited)",
					"@executable_path/Frameworks",
					"@loader_path/Frameworks",
				);
				PRODUCT_BUNDLE_IDENTIFIER = "com.falcon-tech.FalconPlayerTests";
				PRODUCT_NAME = "$(TARGET_NAME)";
				SWIFT_VERSION = 5.0;
				TARGETED_DEVICE_FAMILY = "1,2";
				TEST_HOST = "$(BUILT_PRODUCTS_DIR)/FalconPlayer.app/FalconPlayer";
			};
			name = Release;
		};
/* End XCBuildConfiguration section */

/* Begin XCConfigurationList section */
		55A0714623BBC6A2003503E2 /* Build configuration list for PBXProject "FalconPlayer" */ = {
			isa = XCConfigurationList;
			buildConfigurations = (
				55A0716823BBC6A3003503E2 /* Debug */,
				55A0716923BBC6A3003503E2 /* Release */,
			);
			defaultConfigurationIsVisible = 0;
			defaultConfigurationName = Release;
		};
		55A0716A23BBC6A3003503E2 /* Build configuration list for PBXNativeTarget "FalconPlayer" */ = {
			isa = XCConfigurationList;
			buildConfigurations = (
				55A0716B23BBC6A3003503E2 /* Debug */,
				55A0716C23BBC6A3003503E2 /* Release */,
			);
			defaultConfigurationIsVisible = 0;
			defaultConfigurationName = Release;
		};
		55A0716D23BBC6A3003503E2 /* Build configuration list for PBXNativeTarget "FalconPlayerTests" */ = {
			isa = XCConfigurationList;
			buildConfigurations = (
				55A0716E23BBC6A3003503E2 /* Debug */,
				55A0716F23BBC6A3003503E2 /* Release */,
			);
			defaultConfigurationIsVisible = 0;
			defaultConfigurationName = Release;
		};
/* End XCConfigurationList section */
	};
	rootObject = 55A0714323BBC6A2003503E2 /* Project object */;
}
